PODS:
  - AMap3DMap (4.4.1):
    - AMapFoundation (~> 1.3)
  - AMapFoundation (1.3.2)
  - AMapSearch (4.4.1):
    - AMapFoundation (~> 1.2)

DEPENDENCIES:
  - AMap3DMap
  - AMapSearch

SPEC CHECKSUMS:
  AMap3DMap: a46189dbf185d498e452294d7f600c20af0486af
  AMapFoundation: 843dc27b2c02bc0bc2ef3346bb3dd0456cf64dbb
  AMapSearch: 16a50b493ad419e8b6b81bafdeca7570db52f28e

PODFILE CHECKSUM: 11e0a783d41e2df4f06a8eb8761a3c72aed5850c

COCOAPODS: 1.2.0.beta.1
