// !$*UTF8*$!
{
	archiveVersion = 1;
	classes = {
	};
	objectVersion = 46;
	objects = {

/* Begin PBXBuildFile section */
		481398C94CECC47CA5B7F99A /* libPods-RunningMan.a in Frameworks */ = {isa = PBXBuildFile; fileRef = 082DE305EBDD247A2BC9FA0C /* libPods-RunningMan.a */; };
		77B6EB5E1E1F685F00172CB0 /* main.m in Sources */ = {isa = PBXBuildFile; fileRef = 77B6EB5D1E1F685F00172CB0 /* main.m */; };
		77B6EB611E1F685F00172CB0 /* AppDelegate.m in Sources */ = {isa = PBXBuildFile; fileRef = 77B6EB601E1F685F00172CB0 /* AppDelegate.m */; };
		77B6EB641E1F685F00172CB0 /* ViewController.m in Sources */ = {isa = PBXBuildFile; fileRef = 77B6EB631E1F685F00172CB0 /* ViewController.m */; };
		77B6EB671E1F685F00172CB0 /* Main.storyboard in Resources */ = {isa = PBXBuildFile; fileRef = 77B6EB651E1F685F00172CB0 /* Main.storyboard */; };
		77B6EB691E1F685F00172CB0 /* Assets.xcassets in Resources */ = {isa = PBXBuildFile; fileRef = 77B6EB681E1F685F00172CB0 /* Assets.xcassets */; };
		77B6EB6C1E1F685F00172CB0 /* LaunchScreen.storyboard in Resources */ = {isa = PBXBuildFile; fileRef = 77B6EB6A1E1F685F00172CB0 /* LaunchScreen.storyboard */; };
/* End PBXBuildFile section */

/* Begin PBXFileReference section */
		082DE305EBDD247A2BC9FA0C /* libPods-RunningMan.a */ = {isa = PBXFileReference; explicitFileType = archive.ar; includeInIndex = 0; path = "libPods-RunningMan.a"; sourceTree = BUILT_PRODUCTS_DIR; };
		146F20E1A7C9AADFCDC5DFF3 /* Pods-RunningMan.debug.xcconfig */ = {isa = PBXFileReference; includeInIndex = 1; lastKnownFileType = text.xcconfig; name = "Pods-RunningMan.debug.xcconfig"; path = "Pods/Target Support Files/Pods-RunningMan/Pods-RunningMan.debug.xcconfig"; sourceTree = "<group>"; };
		77B6EB591E1F685F00172CB0 /* RunningMan.app */ = {isa = PBXFileReference; explicitFileType = wrapper.application; includeInIndex = 0; path = RunningMan.app; sourceTree = BUILT_PRODUCTS_DIR; };
		77B6EB5D1E1F685F00172CB0 /* main.m */ = {isa = PBXFileReference; lastKnownFileType = sourcecode.c.objc; path = main.m; sourceTree = "<group>"; };
		77B6EB5F1E1F685F00172CB0 /* AppDelegate.h */ = {isa = PBXFileReference; lastKnownFileType = sourcecode.c.h; path = AppDelegate.h; sourceTree = "<group>"; };
		77B6EB601E1F685F00172CB0 /* AppDelegate.m */ = {isa = PBXFileReference; lastKnownFileType = sourcecode.c.objc; path = AppDelegate.m; sourceTree = "<group>"; };
		77B6EB621E1F685F00172CB0 /* ViewController.h */ = {isa = PBXFileReference; lastKnownFileType = sourcecode.c.h; path = ViewController.h; sourceTree = "<group>"; };
		77B6EB631E1F685F00172CB0 /* ViewController.m */ = {isa = PBXFileReference; lastKnownFileType = sourcecode.c.objc; path = ViewController.m; sourceTree = "<group>"; };
		77B6EB661E1F685F00172CB0 /* Base */ = {isa = PBXFileReference; lastKnownFileType = file.storyboard; name = Base; path = Base.lproj/Main.storyboard; sourceTree = "<group>"; };
		77B6EB681E1F685F00172CB0 /* Assets.xcassets */ = {isa = PBXFileReference; lastKnownFileType = folder.assetcatalog; path = Assets.xcassets; sourceTree = "<group>"; };
		77B6EB6B1E1F685F00172CB0 /* Base */ = {isa = PBXFileReference; lastKnownFileType = file.storyboard; name = Base; path = Base.lproj/LaunchScreen.storyboard; sourceTree = "<group>"; };
		77B6EB6D1E1F685F00172CB0 /* Info.plist */ = {isa = PBXFileReference; lastKnownFileType = text.plist.xml; path = Info.plist; sourceTree = "<group>"; };
		AC5BBA9B706FEF7CC7334B72 /* Pods-RunningMan.release.xcconfig */ = {isa = PBXFileReference; includeInIndex = 1; lastKnownFileType = text.xcconfig; name = "Pods-RunningMan.release.xcconfig"; path = "Pods/Target Support Files/Pods-RunningMan/Pods-RunningMan.release.xcconfig"; sourceTree = "<group>"; };
/* End PBXFileReference section */

/* Begin PBXFrameworksBuildPhase section */
		77B6EB561E1F685F00172CB0 /* Frameworks */ = {
			isa = PBXFrameworksBuildPhase;
			buildActionMask = 2147483647;
			files = (
				481398C94CECC47CA5B7F99A /* libPods-RunningMan.a in Frameworks */,
			);
			runOnlyForDeploymentPostprocessing = 0;
		};
/* End PBXFrameworksBuildPhase section */

/* Begin PBXGroup section */
		2A9B2B6A9722345597507B1D /* Pods */ = {
			isa = PBXGroup;
			children = (
				146F20E1A7C9AADFCDC5DFF3 /* Pods-RunningMan.debug.xcconfig */,
				AC5BBA9B706FEF7CC7334B72 /* Pods-RunningMan.release.xcconfig */,
			);
			name = Pods;
			sourceTree = "<group>";
		};
		77B6EB501E1F685F00172CB0 = {
			isa = PBXGroup;
			children = (
				77B6EB5B1E1F685F00172CB0 /* RunningMan */,
				77B6EB5A1E1F685F00172CB0 /* Products */,
				2A9B2B6A9722345597507B1D /* Pods */,
				EA738A17AE40EE335C290B4F /* Frameworks */,
			);
			sourceTree = "<group>";
		};
		77B6EB5A1E1F685F00172CB0 /* Products */ = {
			isa = PBXGroup;
			children = (
				77B6EB591E1F685F00172CB0 /* RunningMan.app */,
			);
			name = Products;
			sourceTree = "<group>";
		};
		77B6EB5B1E1F685F00172CB0 /* RunningMan */ = {
			isa = PBXGroup;
			children = (
				77B6EB5F1E1F685F00172CB0 /* AppDelegate.h */,
				77B6EB601E1F685F00172CB0 /* AppDelegate.m */,
				77B6EB621E1F685F00172CB0 /* ViewController.h */,
				77B6EB631E1F685F00172CB0 /* ViewController.m */,
				77B6EB651E1F685F00172CB0 /* Main.storyboard */,
				77B6EB681E1F685F00172CB0 /* Assets.xcassets */,
				77B6EB6A1E1F685F00172CB0 /* LaunchScreen.storyboard */,
				77B6EB6D1E1F685F00172CB0 /* Info.plist */,
				77B6EB5C1E1F685F00172CB0 /* Supporting Files */,
			);
			path = RunningMan;
			sourceTree = "<group>";
		};
		77B6EB5C1E1F685F00172CB0 /* Supporting Files */ = {
			isa = PBXGroup;
			children = (
				77B6EB5D1E1F685F00172CB0 /* main.m */,
			);
			name = "Supporting Files";
			sourceTree = "<group>";
		};
		EA738A17AE40EE335C290B4F /* Frameworks */ = {
			isa = PBXGroup;
			children = (
				082DE305EBDD247A2BC9FA0C /* libPods-RunningMan.a */,
			);
			name = Frameworks;
			sourceTree = "<group>";
		};
/* End PBXGroup section */

/* Begin PBXNativeTarget section */
		77B6EB581E1F685F00172CB0 /* RunningMan */ = {
			isa = PBXNativeTarget;
			buildConfigurationList = 77B6EB701E1F685F00172CB0 /* Build configuration list for PBXNativeTarget "RunningMan" */;
			buildPhases = (
				FA8AC9A1A0A7DF4808F7C8B7 /* [CP] Check Pods Manifest.lock */,
				77B6EB551E1F685F00172CB0 /* Sources */,
				77B6EB561E1F685F00172CB0 /* Frameworks */,
				77B6EB571E1F685F00172CB0 /* Resources */,
				3B4010DA3D13DE4632150089 /* [CP] Embed Pods Frameworks */,
				DAF7DCFAA263FFFC80907B72 /* [CP] Copy Pods Resources */,
			);
			buildRules = (
			);
			dependencies = (
			);
			name = RunningMan;
			productName = RunningMan;
			productReference = 77B6EB591E1F685F00172CB0 /* RunningMan.app */;
			productType = "com.apple.product-type.application";
		};
/* End PBXNativeTarget section */

/* Begin PBXProject section */
		77B6EB511E1F685F00172CB0 /* Project object */ = {
			isa = PBXProject;
			attributes = {
				LastUpgradeCheck = 0810;
				ORGANIZATIONNAME = maoge;
				TargetAttributes = {
					77B6EB581E1F685F00172CB0 = {
						CreatedOnToolsVersion = 8.1;
						DevelopmentTeam = 47LF34TNU8;
						ProvisioningStyle = Automatic;
					};
				};
			};
			buildConfigurationList = 77B6EB541E1F685F00172CB0 /* Build configuration list for PBXProject "RunningMan" */;
			compatibilityVersion = "Xcode 3.2";
			developmentRegion = English;
			hasScannedForEncodings = 0;
			knownRegions = (
				en,
				Base,
			);
			mainGroup = 77B6EB501E1F685F00172CB0;
			productRefGroup = 77B6EB5A1E1F685F00172CB0 /* Products */;
			projectDirPath = "";
			projectRoot = "";
			targets = (
				77B6EB581E1F685F00172CB0 /* RunningMan */,
			);
		};
/* End PBXProject section */

/* Begin PBXResourcesBuildPhase section */
		77B6EB571E1F685F00172CB0 /* Resources */ = {
			isa = PBXResourcesBuildPhase;
			buildActionMask = 2147483647;
			files = (
				77B6EB6C1E1F685F00172CB0 /* LaunchScreen.storyboard in Resources */,
				77B6EB691E1F685F00172CB0 /* Assets.xcassets in Resources */,
				77B6EB671E1F685F00172CB0 /* Main.storyboard in Resources */,
			);
			runOnlyForDeploymentPostprocessing = 0;
		};
/* End PBXResourcesBuildPhase section */

/* Begin PBXShellScriptBuildPhase section */
		3B4010DA3D13DE4632150089 /* [CP] Embed Pods Frameworks */ = {
			isa = PBXShellScriptBuildPhase;
			buildActionMask = 2147483647;
			files = (
			);
			inputPaths = (
			);
			name = "[CP] Embed Pods Frameworks";
			outputPaths = (
			);
			runOnlyForDeploymentPostprocessing = 0;
			shellPath = /bin/sh;
			shellScript = "\"${SRCROOT}/Pods/Target Support Files/Pods-RunningMan/Pods-RunningMan-frameworks.sh\"\n";
			showEnvVarsInLog = 0;
		};
		DAF7DCFAA263FFFC80907B72 /* [CP] Copy Pods Resources */ = {
			isa = PBXShellScriptBuildPhase;
			buildActionMask = 2147483647;
			files = (
			);
			inputPaths = (
			);
			name = "[CP] Copy Pods Resources";
			outputPaths = (
			);
			runOnlyForDeploymentPostprocessing = 0;
			shellPath = /bin/sh;
			shellScript = "\"${SRCROOT}/Pods/Target Support Files/Pods-RunningMan/Pods-RunningMan-resources.sh\"\n";
			showEnvVarsInLog = 0;
		};
		FA8AC9A1A0A7DF4808F7C8B7 /* [CP] Check Pods Manifest.lock */ = {
			isa = PBXShellScriptBuildPhase;
			buildActionMask = 2147483647;
			files = (
			);
			inputPaths = (
			);
			name = "[CP] Check Pods Manifest.lock";
			outputPaths = (
			);
			runOnlyForDeploymentPostprocessing = 0;
			shellPath = /bin/sh;
			shellScript = "diff \"${PODS_ROOT}/../Podfile.lock\" \"${PODS_ROOT}/Manifest.lock\" > /dev/null\nif [ $? != 0 ] ; then\n    # print error to STDERR\n    echo \"error: The sandbox is not in sync with the Podfile.lock. Run \'pod install\' or update your CocoaPods installation.\" >&2\n    exit 1\nfi\n";
			showEnvVarsInLog = 0;
		};
/* End PBXShellScriptBuildPhase section */

/* Begin PBXSourcesBuildPhase section */
		77B6EB551E1F685F00172CB0 /* Sources */ = {
			isa = PBXSourcesBuildPhase;
			buildActionMask = 2147483647;
			files = (
				77B6EB641E1F685F00172CB0 /* ViewController.m in Sources */,
				77B6EB611E1F685F00172CB0 /* AppDelegate.m in Sources */,
				77B6EB5E1E1F685F00172CB0 /* main.m in Sources */,
			);
			runOnlyForDeploymentPostprocessing = 0;
		};
/* End PBXSourcesBuildPhase section */

/* Begin PBXVariantGroup section */
		77B6EB651E1F685F00172CB0 /* Main.storyboard */ = {
			isa = PBXVariantGroup;
			children = (
				77B6EB661E1F685F00172CB0 /* Base */,
			);
			name = Main.storyboard;
			sourceTree = "<group>";
		};
		77B6EB6A1E1F685F00172CB0 /* LaunchScreen.storyboard */ = {
			isa = PBXVariantGroup;
			children = (
				77B6EB6B1E1F685F00172CB0 /* Base */,
			);
			name = LaunchScreen.storyboard;
			sourceTree = "<group>";
		};
/* End PBXVariantGroup section */

/* Begin XCBuildConfiguration section */
		77B6EB6E1E1F685F00172CB0 /* Debug */ = {
			isa = XCBuildConfiguration;
			buildSettings = {
				ALWAYS_SEARCH_USER_PATHS = NO;
				CLANG_ANALYZER_NONNULL = YES;
				CLANG_CXX_LANGUAGE_STANDARD = "gnu++0x";
				CLANG_CXX_LIBRARY = "libc++";
				CLANG_ENABLE_MODULES = YES;
				CLANG_ENABLE_OBJC_ARC = YES;
				CLANG_WARN_BOOL_CONVERSION = YES;
				CLANG_WARN_CONSTANT_CONVERSION = YES;
				CLANG_WARN_DIRECT_OBJC_ISA_USAGE = YES_ERROR;
				CLANG_WARN_DOCUMENTATION_COMMENTS = YES;
				CLANG_WARN_EMPTY_BODY = YES;
				CLANG_WARN_ENUM_CONVERSION = YES;
				CLANG_WARN_INFINITE_RECURSION = YES;
				CLANG_WARN_INT_CONVERSION = YES;
				CLANG_WARN_OBJC_ROOT_CLASS = YES_ERROR;
				CLANG_WARN_SUSPICIOUS_MOVES = YES;
				CLANG_WARN_UNREACHABLE_CODE = YES;
				CLANG_WARN__DUPLICATE_METHOD_MATCH = YES;
				"CODE_SIGN_IDENTITY[sdk=iphoneos*]" = "iPhone Developer";
				COPY_PHASE_STRIP = NO;
				DEBUG_INFORMATION_FORMAT = dwarf;
				ENABLE_STRICT_OBJC_MSGSEND = YES;
				ENABLE_TESTABILITY = YES;
				GCC_C_LANGUAGE_STANDARD = gnu99;
				GCC_DYNAMIC_NO_PIC = NO;
				GCC_NO_COMMON_BLOCKS = YES;
				GCC_OPTIMIZATION_LEVEL = 0;
				GCC_PREPROCESSOR_DEFINITIONS = (
					"DEBUG=1",
					"$(inherited)",
				);
				GCC_WARN_64_TO_32_BIT_CONVERSION = YES;
				GCC_WARN_ABOUT_RETURN_TYPE = YES_ERROR;
				GCC_WARN_UNDECLARED_SELECTOR = YES;
				GCC_WARN_UNINITIALIZED_AUTOS = YES_AGGRESSIVE;
				GCC_WARN_UNUSED_FUNCTION = YES;
				GCC_WARN_UNUSED_VARIABLE = YES;
				IPHONEOS_DEPLOYMENT_TARGET = 10.1;
				MTL_ENABLE_DEBUG_INFO = YES;
				ONLY_ACTIVE_ARCH = YES;
				SDKROOT = iphoneos;
			};
			name = Debug;
		};
		77B6EB6F1E1F685F00172CB0 /* Release */ = {
			isa = XCBuildConfiguration;
			buildSettings = {
				ALWAYS_SEARCH_USER_PATHS = NO;
				CLANG_ANALYZER_NONNULL = YES;
				CLANG_CXX_LANGUAGE_STANDARD = "gnu++0x";
				CLANG_CXX_LIBRARY = "libc++";
				CLANG_ENABLE_MODULES = YES;
				CLANG_ENABLE_OBJC_ARC = YES;
				CLANG_WARN_BOOL_CONVERSION = YES;
				CLANG_WARN_CONSTANT_CONVERSION = YES;
				CLANG_WARN_DIRECT_OBJC_ISA_USAGE = YES_ERROR;
				CLANG_WARN_DOCUMENTATION_COMMENTS = YES;
				CLANG_WARN_EMPTY_BODY = YES;
				CLANG_WARN_ENUM_CONVERSION = YES;
				CLANG_WARN_INFINITE_RECURSION = YES;
				CLANG_WARN_INT_CONVERSION = YES;
				CLANG_WARN_OBJC_ROOT_CLASS = YES_ERROR;
				CLANG_WARN_SUSPICIOUS_MOVES = YES;
				CLANG_WARN_UNREACHABLE_CODE = YES;
				CLANG_WARN__DUPLICATE_METHOD_MATCH = YES;
				"CODE_SIGN_IDENTITY[sdk=iphoneos*]" = "iPhone Developer";
				COPY_PHASE_STRIP = NO;
				DEBUG_INFORMATION_FORMAT = "dwarf-with-dsym";
				ENABLE_NS_ASSERTIONS = NO;
				ENABLE_STRICT_OBJC_MSGSEND = YES;
				GCC_C_LANGUAGE_STANDARD = gnu99;
				GCC_NO_COMMON_BLOCKS = YES;
				GCC_WARN_64_TO_32_BIT_CONVERSION = YES;
				GCC_WARN_ABOUT_RETURN_TYPE = YES_ERROR;
				GCC_WARN_UNDECLARED_SELECTOR = YES;
				GCC_WARN_UNINITIALIZED_AUTOS = YES_AGGRESSIVE;
				GCC_WARN_UNUSED_FUNCTION = YES;
				GCC_WARN_UNUSED_VARIABLE = YES;
				IPHONEOS_DEPLOYMENT_TARGET = 10.1;
				MTL_ENABLE_DEBUG_INFO = NO;
				SDKROOT = iphoneos;
				VALIDATE_PRODUCT = YES;
			};
			name = Release;
		};
		77B6EB711E1F685F00172CB0 /* Debug */ = {
			isa = XCBuildConfiguration;
			baseConfigurationReference = 146F20E1A7C9AADFCDC5DFF3 /* Pods-RunningMan.debug.xcconfig */;
			buildSettings = {
				ASSETCATALOG_COMPILER_APPICON_NAME = AppIcon;
				DEVELOPMENT_TEAM = 47LF34TNU8;
				INFOPLIST_FILE = RunningMan/Info.plist;
				IPHONEOS_DEPLOYMENT_TARGET = 8.0;
				LD_RUNPATH_SEARCH_PATHS = "$(inherited) @executable_path/Frameworks";
				PRODUCT_BUNDLE_IDENTIFIER = cn.RunningMan;
				PRODUCT_NAME = "$(TARGET_NAME)";
			};
			name = Debug;
		};
		77B6EB721E1F685F00172CB0 /* Release */ = {
			isa = XCBuildConfiguration;
			baseConfigurationReference = AC5BBA9B706FEF7CC7334B72 /* Pods-RunningMan.release.xcconfig */;
			buildSettings = {
				ASSETCATALOG_COMPILER_APPICON_NAME = AppIcon;
				DEVELOPMENT_TEAM = 47LF34TNU8;
				INFOPLIST_FILE = RunningMan/Info.plist;
				IPHONEOS_DEPLOYMENT_TARGET = 8.0;
				LD_RUNPATH_SEARCH_PATHS = "$(inherited) @executable_path/Frameworks";
				PRODUCT_BUNDLE_IDENTIFIER = cn.RunningMan;
				PRODUCT_NAME = "$(TARGET_NAME)";
			};
			name = Release;
		};
/* End XCBuildConfiguration section */

/* Begin XCConfigurationList section */
		77B6EB541E1F685F00172CB0 /* Build configuration list for PBXProject "RunningMan" */ = {
			isa = XCConfigurationList;
			buildConfigurations = (
				77B6EB6E1E1F685F00172CB0 /* Debug */,
				77B6EB6F1E1F685F00172CB0 /* Release */,
			);
			defaultConfigurationIsVisible = 0;
			defaultConfigurationName = Release;
		};
		77B6EB701E1F685F00172CB0 /* Build configuration list for PBXNativeTarget "RunningMan" */ = {
			isa = XCConfigurationList;
			buildConfigurations = (
				77B6EB711E1F685F00172CB0 /* Debug */,
				77B6EB721E1F685F00172CB0 /* Release */,
			);
			defaultConfigurationIsVisible = 0;
		};
/* End XCConfigurationList section */
	};
	rootObject = 77B6EB511E1F685F00172CB0 /* Project object */;
}
